// !$*UTF8*$!
{
	archiveVersion = 1;
	classes = {
	};
	objectVersion = 46;
	objects = {

/* Begin PBXBuildFile section */
		09E433C51C03CB0A00F53E7E /* main.cpp in Sources */ = {isa = PBXBuildFile; fileRef = 09E433C41C03CB0A00F53E7E /* main.cpp */; };
		09E433D01C0E9A6500F53E7E /* linearList.h in Sources */ = {isa = PBXBuildFile; fileRef = 09E433CF1C0E9A6500F53E7E /* linearList.h */; };
/* End PBXBuildFile section */

/* Begin PBXCopyFilesBuildPhase section */
		09E433BF1C03CB0A00F53E7E /* CopyFiles */ = {
			isa = PBXCopyFilesBuildPhase;
			buildActionMask = 2147483647;
			dstPath = /usr/share/man/man1/;
			dstSubfolderSpec = 0;
			files = (
			);
			runOnlyForDeploymentPostprocessing = 1;
		};
/* End PBXCopyFilesBuildPhase section */

/* Begin PBXFileReference section */
		09E06FCF1C1CB958000136CD /* UnionFind.h */ = {isa = PBXFileReference; lastKnownFileType = sourcecode.c.h; path = UnionFind.h; sourceTree = "<group>"; };
		09E433C11C03CB0A00F53E7E /* MST */ = {isa = PBXFileReference; explicitFileType = "compiled.mach-o.executable"; includeInIndex = 0; path = MST; sourceTree = BUILT_PRODUCTS_DIR; };
		09E433C41C03CB0A00F53E7E /* main.cpp */ = {isa = PBXFileReference; lastKnownFileType = sourcecode.cpp.cpp; path = main.cpp; sourceTree = "<group>"; };
		09E433CD1C0E97FE00F53E7E /* heap.h */ = {isa = PBXFileReference; fileEncoding = 4; lastKnownFileType = sourcecode.c.h; path = heap.h; sourceTree = "<group>"; };
		09E433CE1C0E9A5700F53E7E /* chain.h */ = {isa = PBXFileReference; fileEncoding = 4; lastKnownFileType = sourcecode.c.h; path = chain.h; sourceTree = "<group>"; };
		09E433CF1C0E9A6500F53E7E /* linearList.h */ = {isa = PBXFileReference; fileEncoding = 4; lastKnownFileType = sourcecode.c.h; path = linearList.h; sourceTree = "<group>"; };
/* End PBXFileReference section */

/* Begin PBXFrameworksBuildPhase section */
		09E433BE1C03CB0A00F53E7E /* Frameworks */ = {
			isa = PBXFrameworksBuildPhase;
			buildActionMask = 2147483647;
			files = (
			);
			runOnlyForDeploymentPostprocessing = 0;
		};
/* End PBXFrameworksBuildPhase section */

/* Begin PBXGroup section */
		09E433B81C03CB0A00F53E7E = {
			isa = PBXGroup;
			children = (
				09E433C31C03CB0A00F53E7E /* MST */,
				09E433C21C03CB0A00F53E7E /* Products */,
			);
			sourceTree = "<group>";
		};
		09E433C21C03CB0A00F53E7E /* Products */ = {
			isa = PBXGroup;
			children = (
				09E433C11C03CB0A00F53E7E /* MST */,
			);
			name = Products;
			sourceTree = "<group>";
		};
		09E433C31C03CB0A00F53E7E /* MST */ = {
			isa = PBXGroup;
			children = (
				09E433C41C03CB0A00F53E7E /* main.cpp */,
				09E06FCF1C1CB958000136CD /* UnionFind.h */,
				09E433CF1C0E9A6500F53E7E /* linearList.h */,
				09E433CE1C0E9A5700F53E7E /* chain.h */,
				09E433CD1C0E97FE00F53E7E /* heap.h */,
			);
			path = MST;
			sourceTree = "<group>";
		};
/* End PBXGroup section */

/* Begin PBXNativeTarget section */
		09E433C01C03CB0A00F53E7E /* MST */ = {
			isa = PBXNativeTarget;
			buildConfigurationList = 09E433C81C03CB0A00F53E7E /* Build configuration list for PBXNativeTarget "MST" */;
			buildPhases = (
				09E433BD1C03CB0A00F53E7E /* Sources */,
				09E433BE1C03CB0A00F53E7E /* Frameworks */,
				09E433BF1C03CB0A00F53E7E /* CopyFiles */,
			);
			buildRules = (
			);
			dependencies = (
			);
			name = MST;
			productName = MST;
			productReference = 09E433C11C03CB0A00F53E7E /* MST */;
			productType = "com.apple.product-type.tool";
		};
/* End PBXNativeTarget section */

/* Begin PBXProject section */
		09E433B91C03CB0A00F53E7E /* Project object */ = {
			isa = PBXProject;
			attributes = {
				LastUpgradeCheck = 0710;
				ORGANIZATIONNAME = "Madeleine Monfort";
				TargetAttributes = {
					09E433C01C03CB0A00F53E7E = {
						CreatedOnToolsVersion = 7.1.1;
					};
				};
			};
			buildConfigurationList = 09E433BC1C03CB0A00F53E7E /* Build configuration list for PBXProject "MST" */;
			compatibilityVersion = "Xcode 3.2";
			developmentRegion = English;
			hasScannedForEncodings = 0;
			knownRegions = (
				en,
			);
			mainGroup = 09E433B81C03CB0A00F53E7E;
			productRefGroup = 09E433C21C03CB0A00F53E7E /* Products */;
			projectDirPath = "";
			projectRoot = "";
			targets = (
				09E433C01C03CB0A00F53E7E /* MST */,
			);
		};
/* End PBXProject section */

/* Begin PBXSourcesBuildPhase section */
		09E433BD1C03CB0A00F53E7E /* Sources */ = {
			isa = PBXSourcesBuildPhase;
			buildActionMask = 2147483647;
			files = (
				09E433D01C0E9A6500F53E7E /* linearList.h in Sources */,
				09E433C51C03CB0A00F53E7E /* main.cpp in Sources */,
			);
			runOnlyForDeploymentPostprocessing = 0;
		};
/* End PBXSourcesBuildPhase section */

/* Begin XCBuildConfiguration section */
		09E433C61C03CB0A00F53E7E /* Debug */ = {
			isa = XCBuildConfiguration;
			buildSettings = {
				ALWAYS_SEARCH_USER_PATHS = NO;
				CLANG_CXX_LANGUAGE_STANDARD = "gnu++0x";
				CLANG_CXX_LIBRARY = "libc++";
				CLANG_ENABLE_MODULES = YES;
				CLANG_ENABLE_OBJC_ARC = YES;
				CLANG_WARN_BOOL_CONVERSION = YES;
				CLANG_WARN_CONSTANT_CONVERSION = YES;
				CLANG_WARN_DIRECT_OBJC_ISA_USAGE = YES_ERROR;
				CLANG_WARN_EMPTY_BODY = YES;
				CLANG_WARN_ENUM_CONVERSION = YES;
				CLANG_WARN_INT_CONVERSION = YES;
				CLANG_WARN_OBJC_ROOT_CLASS = YES_ERROR;
				CLANG_WARN_UNREACHABLE_CODE = YES;
				CLANG_WARN__DUPLICATE_METHOD_MATCH = YES;
				CODE_SIGN_IDENTITY = "-";
				COPY_PHASE_STRIP = NO;
				DEBUG_INFORMATION_FORMAT = dwarf;
				ENABLE_STRICT_OBJC_MSGSEND = YES;
				ENABLE_TESTABILITY = YES;
				GCC_C_LANGUAGE_STANDARD = gnu99;
				GCC_DYNAMIC_NO_PIC = NO;
				GCC_NO_COMMON_BLOCKS = YES;
				GCC_OPTIMIZATION_LEVEL = 0;
				GCC_PREPROCESSOR_DEFINITIONS = (
					"DEBUG=1",
					"$(inherited)",
				);
				GCC_WARN_64_TO_32_BIT_CONVERSION = YES;
				GCC_WARN_ABOUT_RETURN_TYPE = YES_ERROR;
				GCC_WARN_UNDECLARED_SELECTOR = YES;
				GCC_WARN_UNINITIALIZED_AUTOS = YES_AGGRESSIVE;
				GCC_WARN_UNUSED_FUNCTION = YES;
				GCC_WARN_UNUSED_VARIABLE = YES;
				MACOSX_DEPLOYMENT_TARGET = 10.11;
				MTL_ENABLE_DEBUG_INFO = YES;
				ONLY_ACTIVE_ARCH = YES;
				SDKROOT = macosx;
			};
			name = Debug;
		};
		09E433C71C03CB0A00F53E7E /* Release */ = {
			isa = XCBuildConfiguration;
			buildSettings = {
				ALWAYS_SEARCH_USER_PATHS = NO;
				CLANG_CXX_LANGUAGE_STANDARD = "gnu++0x";
				CLANG_CXX_LIBRARY = "libc++";
				CLANG_ENABLE_MODULES = YES;
				CLANG_ENABLE_OBJC_ARC = YES;
				CLANG_WARN_BOOL_CONVERSION = YES;
				CLANG_WARN_CONSTANT_CONVERSION = YES;
				CLANG_WARN_DIRECT_OBJC_ISA_USAGE = YES_ERROR;
				CLANG_WARN_EMPTY_BODY = YES;
				CLANG_WARN_ENUM_CONVERSION = YES;
				CLANG_WARN_INT_CONVERSION = YES;
				CLANG_WARN_OBJC_ROOT_CLASS = YES_ERROR;
				CLANG_WARN_UNREACHABLE_CODE = YES;
				CLANG_WARN__DUPLICATE_METHOD_MATCH = YES;
				CODE_SIGN_IDENTITY = "-";
				COPY_PHASE_STRIP = NO;
				DEBUG_INFORMATION_FORMAT = "dwarf-with-dsym";
				ENABLE_NS_ASSERTIONS = NO;
				ENABLE_STRICT_OBJC_MSGSEND = YES;
				GCC_C_LANGUAGE_STANDARD = gnu99;
				GCC_NO_COMMON_BLOCKS = YES;
				GCC_WARN_64_TO_32_BIT_CONVERSION = YES;
				GCC_WARN_ABOUT_RETURN_TYPE = YES_ERROR;
				GCC_WARN_UNDECLARED_SELECTOR = YES;
				GCC_WARN_UNINITIALIZED_AUTOS = YES_AGGRESSIVE;
				GCC_WARN_UNUSED_FUNCTION = YES;
				GCC_WARN_UNUSED_VARIABLE = YES;
				MACOSX_DEPLOYMENT_TARGET = 10.11;
				MTL_ENABLE_DEBUG_INFO = NO;
				SDKROOT = macosx;
			};
			name = Release;
		};
		09E433C91C03CB0A00F53E7E /* Debug */ = {
			isa = XCBuildConfiguration;
			buildSettings = {
				PRODUCT_NAME = "$(TARGET_NAME)";
			};
			name = Debug;
		};
		09E433CA1C03CB0A00F53E7E /* Release */ = {
			isa = XCBuildConfiguration;
			buildSettings = {
				PRODUCT_NAME = "$(TARGET_NAME)";
			};
			name = Release;
		};
/* End XCBuildConfiguration section */

/* Begin XCConfigurationList section */
		09E433BC1C03CB0A00F53E7E /* Build configuration list for PBXProject "MST" */ = {
			isa = XCConfigurationList;
			buildConfigurations = (
				09E433C61C03CB0A00F53E7E /* Debug */,
				09E433C71C03CB0A00F53E7E /* Release */,
			);
			defaultConfigurationIsVisible = 0;
			defaultConfigurationName = Release;
		};
		09E433C81C03CB0A00F53E7E /* Build configuration list for PBXNativeTarget "MST" */ = {
			isa = XCConfigurationList;
			buildConfigurations = (
				09E433C91C03CB0A00F53E7E /* Debug */,
				09E433CA1C03CB0A00F53E7E /* Release */,
			);
			defaultConfigurationIsVisible = 0;
			defaultConfigurationName = Release;
		};
/* End XCConfigurationList section */
	};
	rootObject = 09E433B91C03CB0A00F53E7E /* Project object */;
}
